{
  "nodes": {
    "brew-src": {
      "flake": false,
      "locked": {
        "lastModified": 1753461463,
        "narHash": "sha256-kGc7pRH0diLzKmOHsEFA8sZ9NJpgT+tqxAMsuqNd5Po=",
        "owner": "Homebrew",
        "repo": "brew",
        "rev": "4d14be89e99a45181c18e96a5f19a5b43343cc0f",
        "type": "github"
      },
      "original": {
        "owner": "Homebrew",
        "ref": "4.5.13",
        "repo": "brew",
        "type": "github"
      }
    },
    "cypkgs": {
      "inputs": {
        "nixpkgs": [
          "nixpkgs-unstable"
        ]
      },
      "locked": {
        "lastModified": 1756179546,
        "narHash": "sha256-wJBFSRZPA7hcAxj9xhL493KwhXe2n9spWs1uVJa3C8k=",
        "owner": "cybardev",
        "repo": "nix-channel",
        "rev": "b02047ad67407b8b61067cbd9a5735a77244f7db",
        "type": "github"
      },
      "original": {
        "owner": "cybardev",
        "ref": "main",
        "repo": "nix-channel",
        "type": "github"
      }
    },
    "home-manager": {
      "inputs": {
        "nixpkgs": [
          "nixpkgs"
        ]
      },
      "locked": {
        "lastModified": 1756245065,
        "narHash": "sha256-aAZNbGcWrVRZgWgkQbkabSGcDVRDMgON4BipMy69gvI=",
        "owner": "nix-community",
        "repo": "home-manager",
        "rev": "54b2879ce622d44415e727905925e21b8f833a98",
        "type": "github"
      },
      "original": {
        "owner": "nix-community",
        "ref": "release-25.05",
        "repo": "home-manager",
        "type": "github"
      }
    },
    "homebrew-cask": {
      "flake": false,
      "locked": {
        "lastModified": 1756432814,
        "narHash": "sha256-slYinI2d8Jzrz4dQNgY/HeIx36hoqa+gDxTIL2/BBBE=",
        "owner": "homebrew",
        "repo": "homebrew-cask",
        "rev": "f9ef19ea89dc714e72a4c1de2b0bd8304d5b18a5",
        "type": "github"
      },
      "original": {
        "owner": "homebrew",
        "repo": "homebrew-cask",
        "type": "github"
      }
    },
    "homebrew-core": {
      "flake": false,
      "locked": {
        "lastModified": 1756432803,
        "narHash": "sha256-OMDutaGjhuj4blVzl9dBUGmYFmeKYO2AHuJJKOQcYNU=",
        "owner": "homebrew",
        "repo": "homebrew-core",
        "rev": "d95a8596bdc29bc261011fff7d45b21a0eed8f9b",
        "type": "github"
      },
      "original": {
        "owner": "homebrew",
        "repo": "homebrew-core",
        "type": "github"
      }
    },
    "nix-darwin": {
      "inputs": {
        "nixpkgs": [
          "nixpkgs-darwin"
        ]
      },
      "locked": {
        "lastModified": 1749744770,
        "narHash": "sha256-MEM9XXHgBF/Cyv1RES1t6gqAX7/tvayBC1r/KPyK1ls=",
        "owner": "nix-darwin",
        "repo": "nix-darwin",
        "rev": "536f951efb1ccda9b968e3c9dee39fbeb6d3fdeb",
        "type": "github"
      },
      "original": {
        "owner": "nix-darwin",
        "ref": "nix-darwin-25.05",
        "repo": "nix-darwin",
        "type": "github"
      }
    },
    "nix-homebrew": {
      "inputs": {
        "brew-src": "brew-src"
      },
      "locked": {
        "lastModified": 1754250993,
        "narHash": "sha256-MEin+qoQKtFC1b0f4tnQ+Z82BQWSCgh6Ef7rpmH9gig=",
        "owner": "zhaofengli",
        "repo": "nix-homebrew",
        "rev": "314d057294e79bc2596972126b84c6f9f144499a",
        "type": "github"
      },
      "original": {
        "owner": "zhaofengli",
        "ref": "main",
        "repo": "nix-homebrew",
        "type": "github"
      }
    },
    "nixpkgs": {
      "locked": {
        "lastModified": 1755922037,
        "narHash": "sha256-wY1+2JPH0ZZC4BQefoZw/k+3+DowFyfOxv17CN/idKs=",
        "owner": "NixOS",
        "repo": "nixpkgs",
        "rev": "b1b3291469652d5a2edb0becc4ef0246fff97a7c",
        "type": "github"
      },
      "original": {
        "owner": "NixOS",
        "ref": "nixos-25.05",
        "repo": "nixpkgs",
        "type": "github"
      }
    },
    "nixpkgs-darwin": {
      "locked": {
        "lastModified": 1756066709,
        "narHash": "sha256-QVrVyrYIJ4zItbTivorEKJEiQjkudTO3dSo1KQHml7Q=",
        "owner": "NixOS",
        "repo": "nixpkgs",
        "rev": "7083431e0cbce10cb531e8cbea9659d475665034",
        "type": "github"
      },
      "original": {
        "owner": "NixOS",
        "ref": "nixpkgs-25.05-darwin",
        "repo": "nixpkgs",
        "type": "github"
      }
    },
    "nixpkgs-unstable": {
      "locked": {
        "lastModified": 1756159630,
        "narHash": "sha256-ohMvsjtSVdT/bruXf5ClBh8ZYXRmD4krmjKrXhEvwMg=",
        "owner": "NixOS",
        "repo": "nixpkgs",
        "rev": "84c256e42600cb0fdf25763b48d28df2f25a0c8b",
        "type": "github"
      },
      "original": {
        "owner": "NixOS",
        "ref": "nixpkgs-unstable",
        "repo": "nixpkgs",
        "type": "github"
      }
    },
    "opencode-tap": {
      "flake": false,
      "locked": {
        "lastModified": 1756239803,
        "narHash": "sha256-GDmqs9NEBLoSOiaPMDrteODsKO/sgkgKkfC+kfCJn4s=",
        "owner": "sst",
        "repo": "homebrew-tap",
        "rev": "5ab1ba1c9d13c714b36ecf958012c0581b76dd4e",
        "type": "github"
      },
      "original": {
        "owner": "sst",
        "repo": "homebrew-tap",
        "type": "github"
      }
    },
    "root": {
      "inputs": {
        "cypkgs": "cypkgs",
        "home-manager": "home-manager",
        "homebrew-cask": "homebrew-cask",
        "homebrew-core": "homebrew-core",
        "nix-darwin": "nix-darwin",
        "nix-homebrew": "nix-homebrew",
        "nixpkgs": "nixpkgs",
        "nixpkgs-darwin": "nixpkgs-darwin",
        "nixpkgs-unstable": "nixpkgs-unstable",
        "opencode-tap": "opencode-tap",
        "secrets": "secrets"
      }
    },
    "secrets": {
      "flake": false,
      "locked": {
        "lastModified": 1754610044,
        "narHash": "sha256-6ECvK+y7tVN1rtmycfI6OdP5SHPvhgsql+SXleYxuMM=",
        "ref": "refs/heads/main",
        "rev": "ca8b099f5ac08a637b7730a5d83669147ca32e7b",
        "shallow": true,
        "type": "git",
        "url": "ssh://git@localhost:222/cybardev/.secrets.git"
      },
      "original": {
        "shallow": true,
        "type": "git",
        "url": "ssh://git@localhost:222/cybardev/.secrets.git"
      }
    }
  },
  "root": "root",
  "version": 7
}
